
Microsoft Visual Studio Solution File, Format Version 12.00
# Visual Studio 15
VisualStudioVersion = 15.0.27004.2009
MinimumVisualStudioVersion = 10.0.40219.1
Project("{8BC9CEB8-8B4A-11D0-8D11-00A0C91BC942}") = "ConsoleApplication32", "ConsoleApplication32\ConsoleApplication32.vcxproj", "{2E8EF094-6EFE-4C27-AADE-C3B93EBEAED5}"
EndProject
Project("{8BC9CEB8-8B4A-11D0-8D11-00A0C91BC942}") = "decltype", "decltype\decltype.vcxproj", "{2F4DA8FE-C7D2-40A1-A6DF-AFBD1529CB5B}"
EndProject
Project("{8BC9CEB8-8B4A-11D0-8D11-00A0C91BC942}") = "28.11.2017", "28.11.2017\28.11.2017.vcxproj", "{322C4A9C-7CC2-45F4-AE6A-FDDF984AA56B}"
EndProject
Project("{8BC9CEB8-8B4A-11D0-8D11-00A0C91BC942}") = "Queue", "Queue\Queue.vcxproj", "{4A395AE0-6A0F-4565-B4B9-3A657CF31292}"
EndProject
Project("{8BC9CEB8-8B4A-11D0-8D11-00A0C91BC942}") = "list", "list\list.vcxproj", "{8FA018BD-3CF5-4596-87A5-B39624F93421}"
EndProject
Project("{8BC9CEB8-8B4A-11D0-8D11-00A0C91BC942}") = "Steck 29.11.17", "Steck 29.11.17\Steck 29.11.17.vcxproj", "{8DDC104B-C034-4DD6-A1FD-C83A2D5BC921}"
EndProject
Project("{8BC9CEB8-8B4A-11D0-8D11-00A0C91BC942}") = "HomeWork30.11.17", "HomeWork30.11.17\HomeWork30.11.17.vcxproj", "{BCB56F0E-3A72-40A4-9A9F-0672F85351E4}"
EndProject
Project("{8BC9CEB8-8B4A-11D0-8D11-00A0C91BC942}") = "TreeExemple", "TreeExemple\TreeExemple.vcxproj", "{F056D1B0-1B62-42E2-846A-D403A187E977}"
EndProject
Project("{8BC9CEB8-8B4A-11D0-8D11-00A0C91BC942}") = "Agrigations", "Agrigations\Agrigations.vcxproj", "{12A701D8-3A55-4DA0-A01A-205CF956A0CF}"
EndProject
Project("{8BC9CEB8-8B4A-11D0-8D11-00A0C91BC942}") = "Virtual", "Virtual\Virtual.vcxproj", "{68B76948-0FBE-49F8-8490-8F6AD706F0FC}"
EndProject
Project("{8BC9CEB8-8B4A-11D0-8D11-00A0C91BC942}") = "HomeWork1511965571", "HomeWork1511965571\HomeWork1511965571.vcxproj", "{A1A66F64-5027-4FDC-AC97-A6CD146FA6C2}"
EndProject
Project("{8BC9CEB8-8B4A-11D0-8D11-00A0C91BC942}") = "HomeWork1512397076", "HomeWork1512397076\HomeWork1512397076.vcxproj", "{2817D540-D7C7-4EBD-B304-34B6E56BA8FF}"
EndProject
Project("{8BC9CEB8-8B4A-11D0-8D11-00A0C91BC942}") = "Meet21ClassWork", "Meet21ClassWork\Meet21ClassWork.vcxproj", "{24FA0613-974F-4924-B7A5-AD1FE4C4CFE4}"
EndProject
Global
	GlobalSection(SolutionConfigurationPlatforms) = preSolution
		Debug|x64 = Debug|x64
		Debug|x86 = Debug|x86
		Release|x64 = Release|x64
		Release|x86 = Release|x86
	EndGlobalSection
	GlobalSection(ProjectConfigurationPlatforms) = postSolution
		{2E8EF094-6EFE-4C27-AADE-C3B93EBEAED5}.Debug|x64.ActiveCfg = Debug|x64
		{2E8EF094-6EFE-4C27-AADE-C3B93EBEAED5}.Debug|x64.Build.0 = Debug|x64
		{2E8EF094-6EFE-4C27-AADE-C3B93EBEAED5}.Debug|x86.ActiveCfg = Debug|Win32
		{2E8EF094-6EFE-4C27-AADE-C3B93EBEAED5}.Debug|x86.Build.0 = Debug|Win32
		{2E8EF094-6EFE-4C27-AADE-C3B93EBEAED5}.Release|x64.ActiveCfg = Release|x64
		{2E8EF094-6EFE-4C27-AADE-C3B93EBEAED5}.Release|x64.Build.0 = Release|x64
		{2E8EF094-6EFE-4C27-AADE-C3B93EBEAED5}.Release|x86.ActiveCfg = Release|Win32
		{2E8EF094-6EFE-4C27-AADE-C3B93EBEAED5}.Release|x86.Build.0 = Release|Win32
		{2F4DA8FE-C7D2-40A1-A6DF-AFBD1529CB5B}.Debug|x64.ActiveCfg = Debug|x64
		{2F4DA8FE-C7D2-40A1-A6DF-AFBD1529CB5B}.Debug|x64.Build.0 = Debug|x64
		{2F4DA8FE-C7D2-40A1-A6DF-AFBD1529CB5B}.Debug|x86.ActiveCfg = Debug|Win32
		{2F4DA8FE-C7D2-40A1-A6DF-AFBD1529CB5B}.Debug|x86.Build.0 = Debug|Win32
		{2F4DA8FE-C7D2-40A1-A6DF-AFBD1529CB5B}.Release|x64.ActiveCfg = Release|x64
		{2F4DA8FE-C7D2-40A1-A6DF-AFBD1529CB5B}.Release|x64.Build.0 = Release|x64
		{2F4DA8FE-C7D2-40A1-A6DF-AFBD1529CB5B}.Release|x86.ActiveCfg = Release|Win32
		{2F4DA8FE-C7D2-40A1-A6DF-AFBD1529CB5B}.Release|x86.Build.0 = Release|Win32
		{322C4A9C-7CC2-45F4-AE6A-FDDF984AA56B}.Debug|x64.ActiveCfg = Debug|x64
		{322C4A9C-7CC2-45F4-AE6A-FDDF984AA56B}.Debug|x64.Build.0 = Debug|x64
		{322C4A9C-7CC2-45F4-AE6A-FDDF984AA56B}.Debug|x86.ActiveCfg = Debug|Win32
		{322C4A9C-7CC2-45F4-AE6A-FDDF984AA56B}.Debug|x86.Build.0 = Debug|Win32
		{322C4A9C-7CC2-45F4-AE6A-FDDF984AA56B}.Release|x64.ActiveCfg = Release|x64
		{322C4A9C-7CC2-45F4-AE6A-FDDF984AA56B}.Release|x64.Build.0 = Release|x64
		{322C4A9C-7CC2-45F4-AE6A-FDDF984AA56B}.Release|x86.ActiveCfg = Release|Win32
		{322C4A9C-7CC2-45F4-AE6A-FDDF984AA56B}.Release|x86.Build.0 = Release|Win32
		{4A395AE0-6A0F-4565-B4B9-3A657CF31292}.Debug|x64.ActiveCfg = Debug|x64
		{4A395AE0-6A0F-4565-B4B9-3A657CF31292}.Debug|x64.Build.0 = Debug|x64
		{4A395AE0-6A0F-4565-B4B9-3A657CF31292}.Debug|x86.ActiveCfg = Debug|Win32
		{4A395AE0-6A0F-4565-B4B9-3A657CF31292}.Debug|x86.Build.0 = Debug|Win32
		{4A395AE0-6A0F-4565-B4B9-3A657CF31292}.Release|x64.ActiveCfg = Release|x64
		{4A395AE0-6A0F-4565-B4B9-3A657CF31292}.Release|x64.Build.0 = Release|x64
		{4A395AE0-6A0F-4565-B4B9-3A657CF31292}.Release|x86.ActiveCfg = Release|Win32
		{4A395AE0-6A0F-4565-B4B9-3A657CF31292}.Release|x86.Build.0 = Release|Win32
		{8FA018BD-3CF5-4596-87A5-B39624F93421}.Debug|x64.ActiveCfg = Debug|x64
		{8FA018BD-3CF5-4596-87A5-B39624F93421}.Debug|x64.Build.0 = Debug|x64
		{8FA018BD-3CF5-4596-87A5-B39624F93421}.Debug|x86.ActiveCfg = Debug|Win32
		{8FA018BD-3CF5-4596-87A5-B39624F93421}.Debug|x86.Build.0 = Debug|Win32
		{8FA018BD-3CF5-4596-87A5-B39624F93421}.Release|x64.ActiveCfg = Release|x64
		{8FA018BD-3CF5-4596-87A5-B39624F93421}.Release|x64.Build.0 = Release|x64
		{8FA018BD-3CF5-4596-87A5-B39624F93421}.Release|x86.ActiveCfg = Release|Win32
		{8FA018BD-3CF5-4596-87A5-B39624F93421}.Release|x86.Build.0 = Release|Win32
		{8DDC104B-C034-4DD6-A1FD-C83A2D5BC921}.Debug|x64.ActiveCfg = Debug|x64
		{8DDC104B-C034-4DD6-A1FD-C83A2D5BC921}.Debug|x64.Build.0 = Debug|x64
		{8DDC104B-C034-4DD6-A1FD-C83A2D5BC921}.Debug|x86.ActiveCfg = Debug|Win32
		{8DDC104B-C034-4DD6-A1FD-C83A2D5BC921}.Debug|x86.Build.0 = Debug|Win32
		{8DDC104B-C034-4DD6-A1FD-C83A2D5BC921}.Release|x64.ActiveCfg = Release|x64
		{8DDC104B-C034-4DD6-A1FD-C83A2D5BC921}.Release|x64.Build.0 = Release|x64
		{8DDC104B-C034-4DD6-A1FD-C83A2D5BC921}.Release|x86.ActiveCfg = Release|Win32
		{8DDC104B-C034-4DD6-A1FD-C83A2D5BC921}.Release|x86.Build.0 = Release|Win32
		{BCB56F0E-3A72-40A4-9A9F-0672F85351E4}.Debug|x64.ActiveCfg = Debug|x64
		{BCB56F0E-3A72-40A4-9A9F-0672F85351E4}.Debug|x64.Build.0 = Debug|x64
		{BCB56F0E-3A72-40A4-9A9F-0672F85351E4}.Debug|x86.ActiveCfg = Debug|Win32
		{BCB56F0E-3A72-40A4-9A9F-0672F85351E4}.Debug|x86.Build.0 = Debug|Win32
		{BCB56F0E-3A72-40A4-9A9F-0672F85351E4}.Release|x64.ActiveCfg = Release|x64
		{BCB56F0E-3A72-40A4-9A9F-0672F85351E4}.Release|x64.Build.0 = Release|x64
		{BCB56F0E-3A72-40A4-9A9F-0672F85351E4}.Release|x86.ActiveCfg = Release|Win32
		{BCB56F0E-3A72-40A4-9A9F-0672F85351E4}.Release|x86.Build.0 = Release|Win32
		{F056D1B0-1B62-42E2-846A-D403A187E977}.Debug|x64.ActiveCfg = Debug|x64
		{F056D1B0-1B62-42E2-846A-D403A187E977}.Debug|x64.Build.0 = Debug|x64
		{F056D1B0-1B62-42E2-846A-D403A187E977}.Debug|x86.ActiveCfg = Debug|Win32
		{F056D1B0-1B62-42E2-846A-D403A187E977}.Debug|x86.Build.0 = Debug|Win32
		{F056D1B0-1B62-42E2-846A-D403A187E977}.Release|x64.ActiveCfg = Release|x64
		{F056D1B0-1B62-42E2-846A-D403A187E977}.Release|x64.Build.0 = Release|x64
		{F056D1B0-1B62-42E2-846A-D403A187E977}.Release|x86.ActiveCfg = Release|Win32
		{F056D1B0-1B62-42E2-846A-D403A187E977}.Release|x86.Build.0 = Release|Win32
		{12A701D8-3A55-4DA0-A01A-205CF956A0CF}.Debug|x64.ActiveCfg = Debug|x64
		{12A701D8-3A55-4DA0-A01A-205CF956A0CF}.Debug|x64.Build.0 = Debug|x64
		{12A701D8-3A55-4DA0-A01A-205CF956A0CF}.Debug|x86.ActiveCfg = Debug|Win32
		{12A701D8-3A55-4DA0-A01A-205CF956A0CF}.Debug|x86.Build.0 = Debug|Win32
		{12A701D8-3A55-4DA0-A01A-205CF956A0CF}.Release|x64.ActiveCfg = Release|x64
		{12A701D8-3A55-4DA0-A01A-205CF956A0CF}.Release|x64.Build.0 = Release|x64
		{12A701D8-3A55-4DA0-A01A-205CF956A0CF}.Release|x86.ActiveCfg = Release|Win32
		{12A701D8-3A55-4DA0-A01A-205CF956A0CF}.Release|x86.Build.0 = Release|Win32
		{68B76948-0FBE-49F8-8490-8F6AD706F0FC}.Debug|x64.ActiveCfg = Debug|x64
		{68B76948-0FBE-49F8-8490-8F6AD706F0FC}.Debug|x64.Build.0 = Debug|x64
		{68B76948-0FBE-49F8-8490-8F6AD706F0FC}.Debug|x86.ActiveCfg = Debug|Win32
		{68B76948-0FBE-49F8-8490-8F6AD706F0FC}.Debug|x86.Build.0 = Debug|Win32
		{68B76948-0FBE-49F8-8490-8F6AD706F0FC}.Release|x64.ActiveCfg = Release|x64
		{68B76948-0FBE-49F8-8490-8F6AD706F0FC}.Release|x64.Build.0 = Release|x64
		{68B76948-0FBE-49F8-8490-8F6AD706F0FC}.Release|x86.ActiveCfg = Release|Win32
		{68B76948-0FBE-49F8-8490-8F6AD706F0FC}.Release|x86.Build.0 = Release|Win32
		{A1A66F64-5027-4FDC-AC97-A6CD146FA6C2}.Debug|x64.ActiveCfg = Debug|x64
		{A1A66F64-5027-4FDC-AC97-A6CD146FA6C2}.Debug|x64.Build.0 = Debug|x64
		{A1A66F64-5027-4FDC-AC97-A6CD146FA6C2}.Debug|x86.ActiveCfg = Debug|Win32
		{A1A66F64-5027-4FDC-AC97-A6CD146FA6C2}.Debug|x86.Build.0 = Debug|Win32
		{A1A66F64-5027-4FDC-AC97-A6CD146FA6C2}.Release|x64.ActiveCfg = Release|x64
		{A1A66F64-5027-4FDC-AC97-A6CD146FA6C2}.Release|x64.Build.0 = Release|x64
		{A1A66F64-5027-4FDC-AC97-A6CD146FA6C2}.Release|x86.ActiveCfg = Release|Win32
		{A1A66F64-5027-4FDC-AC97-A6CD146FA6C2}.Release|x86.Build.0 = Release|Win32
		{2817D540-D7C7-4EBD-B304-34B6E56BA8FF}.Debug|x64.ActiveCfg = Debug|x64
		{2817D540-D7C7-4EBD-B304-34B6E56BA8FF}.Debug|x64.Build.0 = Debug|x64
		{2817D540-D7C7-4EBD-B304-34B6E56BA8FF}.Debug|x86.ActiveCfg = Debug|Win32
		{2817D540-D7C7-4EBD-B304-34B6E56BA8FF}.Debug|x86.Build.0 = Debug|Win32
		{2817D540-D7C7-4EBD-B304-34B6E56BA8FF}.Release|x64.ActiveCfg = Release|x64
		{2817D540-D7C7-4EBD-B304-34B6E56BA8FF}.Release|x64.Build.0 = Release|x64
		{2817D540-D7C7-4EBD-B304-34B6E56BA8FF}.Release|x86.ActiveCfg = Release|Win32
		{2817D540-D7C7-4EBD-B304-34B6E56BA8FF}.Release|x86.Build.0 = Release|Win32
		{24FA0613-974F-4924-B7A5-AD1FE4C4CFE4}.Debug|x64.ActiveCfg = Debug|x64
		{24FA0613-974F-4924-B7A5-AD1FE4C4CFE4}.Debug|x64.Build.0 = Debug|x64
		{24FA0613-974F-4924-B7A5-AD1FE4C4CFE4}.Debug|x86.ActiveCfg = Debug|Win32
		{24FA0613-974F-4924-B7A5-AD1FE4C4CFE4}.Debug|x86.Build.0 = Debug|Win32
		{24FA0613-974F-4924-B7A5-AD1FE4C4CFE4}.Release|x64.ActiveCfg = Release|x64
		{24FA0613-974F-4924-B7A5-AD1FE4C4CFE4}.Release|x64.Build.0 = Release|x64
		{24FA0613-974F-4924-B7A5-AD1FE4C4CFE4}.Release|x86.ActiveCfg = Release|Win32
		{24FA0613-974F-4924-B7A5-AD1FE4C4CFE4}.Release|x86.Build.0 = Release|Win32
	EndGlobalSection
	GlobalSection(SolutionProperties) = preSolution
		HideSolutionNode = FALSE
	EndGlobalSection
	GlobalSection(ExtensibilityGlobals) = postSolution
		SolutionGuid = {C7314930-4660-4B14-9454-EDD16592F169}
	EndGlobalSection
EndGlobal
